
Microsoft Visual Studio Solution File, Format Version 12.00
# Visual Studio 14
VisualStudioVersion = 14.0.25123.0
MinimumVisualStudioVersion = 10.0.40219.1
Project("{8BC9CEB8-8B4A-11D0-8D11-00A0C91BC942}") = "01-MathReview", "GameMath\GameMath.vcxproj", "{38833E75-67D4-470C-8EC1-5425831EA513}"
EndProject
Project("{8BC9CEB8-8B4A-11D0-8D11-00A0C91BC942}") = "02-Vectors", "02-Vectors\02-Vectors.vcxproj", "{63CBA944-43D8-453F-BAEA-26DA0596556D}"
EndProject
Project("{8BC9CEB8-8B4A-11D0-8D11-00A0C91BC942}") = "MathLib", "MathLib\MathLib.vcxproj", "{49A68DF6-1686-40BC-8305-70046D0047F4}"
EndProject
Project("{8BC9CEB8-8B4A-11D0-8D11-00A0C91BC942}") = "X-TestSpace", "X-TestSpace\X-TestSpace.vcxproj", "{C12989FD-E97C-4BE5-B678-AF7ADBF903AC}"
	ProjectSection(ProjectDependencies) = postProject
		{49A68DF6-1686-40BC-8305-70046D0047F4} = {49A68DF6-1686-40BC-8305-70046D0047F4}
	EndProjectSection
EndProject
Project("{8BC9CEB8-8B4A-11D0-8D11-00A0C91BC942}") = "X-SFWTest", "X-SFTest\X-SFTest.vcxproj", "{577B8B21-7172-45C0-A946-5E5DCACE49B6}"
	ProjectSection(ProjectDependencies) = postProject
		{49A68DF6-1686-40BC-8305-70046D0047F4} = {49A68DF6-1686-40BC-8305-70046D0047F4}
	EndProjectSection
EndProject
Project("{8BC9CEB8-8B4A-11D0-8D11-00A0C91BC942}") = "Physics", "Physics\Physics.vcxproj", "{01882A25-7AB9-4704-8E65-4B8F40CA16BB}"
EndProject
Project("{8BC9CEB8-8B4A-11D0-8D11-00A0C91BC942}") = "Pong", "Pong\Pong.vcxproj", "{55B5D4FF-C639-4475-A662-9D3730377C63}"
EndProject
Global
	GlobalSection(SolutionConfigurationPlatforms) = preSolution
		Debug|x64 = Debug|x64
		Debug|x86 = Debug|x86
		Release|x64 = Release|x64
		Release|x86 = Release|x86
	EndGlobalSection
	GlobalSection(ProjectConfigurationPlatforms) = postSolution
		{38833E75-67D4-470C-8EC1-5425831EA513}.Debug|x64.ActiveCfg = Debug|x64
		{38833E75-67D4-470C-8EC1-5425831EA513}.Debug|x64.Build.0 = Debug|x64
		{38833E75-67D4-470C-8EC1-5425831EA513}.Debug|x86.ActiveCfg = Debug|Win32
		{38833E75-67D4-470C-8EC1-5425831EA513}.Debug|x86.Build.0 = Debug|Win32
		{38833E75-67D4-470C-8EC1-5425831EA513}.Release|x64.ActiveCfg = Release|x64
		{38833E75-67D4-470C-8EC1-5425831EA513}.Release|x64.Build.0 = Release|x64
		{38833E75-67D4-470C-8EC1-5425831EA513}.Release|x86.ActiveCfg = Release|Win32
		{38833E75-67D4-470C-8EC1-5425831EA513}.Release|x86.Build.0 = Release|Win32
		{63CBA944-43D8-453F-BAEA-26DA0596556D}.Debug|x64.ActiveCfg = Debug|x64
		{63CBA944-43D8-453F-BAEA-26DA0596556D}.Debug|x64.Build.0 = Debug|x64
		{63CBA944-43D8-453F-BAEA-26DA0596556D}.Debug|x86.ActiveCfg = Debug|Win32
		{63CBA944-43D8-453F-BAEA-26DA0596556D}.Debug|x86.Build.0 = Debug|Win32
		{63CBA944-43D8-453F-BAEA-26DA0596556D}.Release|x64.ActiveCfg = Release|x64
		{63CBA944-43D8-453F-BAEA-26DA0596556D}.Release|x64.Build.0 = Release|x64
		{63CBA944-43D8-453F-BAEA-26DA0596556D}.Release|x86.ActiveCfg = Release|Win32
		{63CBA944-43D8-453F-BAEA-26DA0596556D}.Release|x86.Build.0 = Release|Win32
		{49A68DF6-1686-40BC-8305-70046D0047F4}.Debug|x64.ActiveCfg = Debug|x64
		{49A68DF6-1686-40BC-8305-70046D0047F4}.Debug|x64.Build.0 = Debug|x64
		{49A68DF6-1686-40BC-8305-70046D0047F4}.Debug|x86.ActiveCfg = Debug|Win32
		{49A68DF6-1686-40BC-8305-70046D0047F4}.Debug|x86.Build.0 = Debug|Win32
		{49A68DF6-1686-40BC-8305-70046D0047F4}.Release|x64.ActiveCfg = Release|x64
		{49A68DF6-1686-40BC-8305-70046D0047F4}.Release|x64.Build.0 = Release|x64
		{49A68DF6-1686-40BC-8305-70046D0047F4}.Release|x86.ActiveCfg = Release|Win32
		{49A68DF6-1686-40BC-8305-70046D0047F4}.Release|x86.Build.0 = Release|Win32
		{C12989FD-E97C-4BE5-B678-AF7ADBF903AC}.Debug|x64.ActiveCfg = Debug|x64
		{C12989FD-E97C-4BE5-B678-AF7ADBF903AC}.Debug|x64.Build.0 = Debug|x64
		{C12989FD-E97C-4BE5-B678-AF7ADBF903AC}.Debug|x86.ActiveCfg = Debug|Win32
		{C12989FD-E97C-4BE5-B678-AF7ADBF903AC}.Debug|x86.Build.0 = Debug|Win32
		{C12989FD-E97C-4BE5-B678-AF7ADBF903AC}.Release|x64.ActiveCfg = Release|x64
		{C12989FD-E97C-4BE5-B678-AF7ADBF903AC}.Release|x64.Build.0 = Release|x64
		{C12989FD-E97C-4BE5-B678-AF7ADBF903AC}.Release|x86.ActiveCfg = Release|Win32
		{C12989FD-E97C-4BE5-B678-AF7ADBF903AC}.Release|x86.Build.0 = Release|Win32
		{577B8B21-7172-45C0-A946-5E5DCACE49B6}.Debug|x64.ActiveCfg = Debug|x64
		{577B8B21-7172-45C0-A946-5E5DCACE49B6}.Debug|x64.Build.0 = Debug|x64
		{577B8B21-7172-45C0-A946-5E5DCACE49B6}.Debug|x86.ActiveCfg = Debug|Win32
		{577B8B21-7172-45C0-A946-5E5DCACE49B6}.Debug|x86.Build.0 = Debug|Win32
		{577B8B21-7172-45C0-A946-5E5DCACE49B6}.Release|x64.ActiveCfg = Release|x64
		{577B8B21-7172-45C0-A946-5E5DCACE49B6}.Release|x64.Build.0 = Release|x64
		{577B8B21-7172-45C0-A946-5E5DCACE49B6}.Release|x86.ActiveCfg = Release|Win32
		{577B8B21-7172-45C0-A946-5E5DCACE49B6}.Release|x86.Build.0 = Release|Win32
		{01882A25-7AB9-4704-8E65-4B8F40CA16BB}.Debug|x64.ActiveCfg = Debug|x64
		{01882A25-7AB9-4704-8E65-4B8F40CA16BB}.Debug|x64.Build.0 = Debug|x64
		{01882A25-7AB9-4704-8E65-4B8F40CA16BB}.Debug|x86.ActiveCfg = Debug|Win32
		{01882A25-7AB9-4704-8E65-4B8F40CA16BB}.Debug|x86.Build.0 = Debug|Win32
		{01882A25-7AB9-4704-8E65-4B8F40CA16BB}.Release|x64.ActiveCfg = Release|x64
		{01882A25-7AB9-4704-8E65-4B8F40CA16BB}.Release|x64.Build.0 = Release|x64
		{01882A25-7AB9-4704-8E65-4B8F40CA16BB}.Release|x86.ActiveCfg = Release|Win32
		{01882A25-7AB9-4704-8E65-4B8F40CA16BB}.Release|x86.Build.0 = Release|Win32
		{55B5D4FF-C639-4475-A662-9D3730377C63}.Debug|x64.ActiveCfg = Debug|x64
		{55B5D4FF-C639-4475-A662-9D3730377C63}.Debug|x64.Build.0 = Debug|x64
		{55B5D4FF-C639-4475-A662-9D3730377C63}.Debug|x86.ActiveCfg = Debug|Win32
		{55B5D4FF-C639-4475-A662-9D3730377C63}.Debug|x86.Build.0 = Debug|Win32
		{55B5D4FF-C639-4475-A662-9D3730377C63}.Release|x64.ActiveCfg = Release|x64
		{55B5D4FF-C639-4475-A662-9D3730377C63}.Release|x64.Build.0 = Release|x64
		{55B5D4FF-C639-4475-A662-9D3730377C63}.Release|x86.ActiveCfg = Release|Win32
		{55B5D4FF-C639-4475-A662-9D3730377C63}.Release|x86.Build.0 = Release|Win32
	EndGlobalSection
	GlobalSection(SolutionProperties) = preSolution
		HideSolutionNode = FALSE
	EndGlobalSection
	GlobalSection(ExtensibilityGlobals) = postSolution
		SolutionGuid = {3E6BE6A9-3DBC-4815-B4B1-823D077D3323}
	EndGlobalSection
EndGlobal
